
Microsoft Visual Studio Solution File, Format Version 11.00
# Visual Studio 2010
Project("{FAE04EC0-301F-11D3-BF4B-00C04F79EFBC}") = "Mage-Knight", "Mage-Knight.csproj", "{5C41F018-50DD-43B7-A370-126085C8E38D}"
EndProject
Global
	GlobalSection(SolutionConfigurationPlatforms) = preSolution
		Debug|x86 = Debug|x86
		Release|x86 = Release|x86
	EndGlobalSection
	GlobalSection(ProjectConfigurationPlatforms) = postSolution
		{5C41F018-50DD-43B7-A370-126085C8E38D}.Debug|x86.ActiveCfg = Debug|x86
		{5C41F018-50DD-43B7-A370-126085C8E38D}.Debug|x86.Build.0 = Debug|x86
		{5C41F018-50DD-43B7-A370-126085C8E38D}.Release|x86.ActiveCfg = Release|x86
		{5C41F018-50DD-43B7-A370-126085C8E38D}.Release|x86.Build.0 = Release|x86
	EndGlobalSection
	GlobalSection(MonoDevelopProperties) = preSolution
		StartupItem = Mage-Knight.csproj
	EndGlobalSection
EndGlobal
